
Microsoft Visual Studio Solution File, Format Version 12.00
# Visual Studio Version 16
VisualStudioVersion = 16.0.30804.86
MinimumVisualStudioVersion = 10.0.40219.1
Project("{9A19103F-16F7-4668-BE54-9A1E7A4F7556}") = "AdventOfCode2020.Expenses", "AdventOfCode2020.Expenses\AdventOfCode2020.Expenses.csproj", "{AB04C12A-B6D5-4BE6-9B8E-F5C130A95E65}"
EndProject
Project("{9A19103F-16F7-4668-BE54-9A1E7A4F7556}") = "AdventOfCode2020.Day1", "AdventOfCode2020.Day1\AdventOfCode2020.Day1.csproj", "{456C5447-0E80-40C7-A7A3-96A3080064A4}"
EndProject
Project("{2150E333-8FDC-42A3-9474-1A3956D46DE8}") = "3. Puzzles", "3. Puzzles", "{68A58562-11F1-485A-909D-6F678D434105}"
EndProject
Project("{2150E333-8FDC-42A3-9474-1A3956D46DE8}") = "1. Libraries", "1. Libraries", "{894F0EB3-307E-4758-AFC4-0C4901EFCEF9}"
EndProject
Project("{2150E333-8FDC-42A3-9474-1A3956D46DE8}") = "2. Tests", "2. Tests", "{E701E2CD-8759-44D6-B86F-5F44EDFE3821}"
EndProject
Project("{9A19103F-16F7-4668-BE54-9A1E7A4F7556}") = "AdventOfCode2020.Expenses.Tests", "AdventOfCode2020.Expenses.Tests\AdventOfCode2020.Expenses.Tests.csproj", "{5EC71E59-0CA7-4211-9E16-20A65E65BE9B}"
EndProject
Project("{9A19103F-16F7-4668-BE54-9A1E7A4F7556}") = "AdventOfCode2020.Security", "AdventOfCode2020.Security\AdventOfCode2020.Security.csproj", "{A3176B11-05D3-4F04-9886-82066D547A34}"
EndProject
Project("{9A19103F-16F7-4668-BE54-9A1E7A4F7556}") = "AdventOfCode2020.Security.Tests", "AdventOfCode2020.Security.Tests\AdventOfCode2020.Security.Tests.csproj", "{F8215F92-CE2D-4B6D-9839-F7859EED724C}"
EndProject
Project("{9A19103F-16F7-4668-BE54-9A1E7A4F7556}") = "AdventOfCode2020.Day2", "AdventOfCode2020.Day2\AdventOfCode2020.Day2.csproj", "{ADD1244A-3DB1-444A-B9AE-ED93862C3EB8}"
EndProject
Project("{9A19103F-16F7-4668-BE54-9A1E7A4F7556}") = "AdventOfCode2020.Day3", "AdventOfCode2020.Day3\AdventOfCode2020.Day3.csproj", "{20DD8F32-8F96-4362-95B5-BF4E0AEA13C7}"
EndProject
Project("{9A19103F-16F7-4668-BE54-9A1E7A4F7556}") = "AdventOfCode2020.Day4", "AdventOfCode2020.Day4\AdventOfCode2020.Day4.csproj", "{0803375B-D969-4123-9244-9E3847DFEBE5}"
EndProject
Project("{9A19103F-16F7-4668-BE54-9A1E7A4F7556}") = "AdventOfCode2020.Traveling", "AdventOfCode2020.Traveling\AdventOfCode2020.Traveling.csproj", "{437F122F-F024-49AE-ABDF-E57AF3BCCDCD}"
EndProject
Project("{9A19103F-16F7-4668-BE54-9A1E7A4F7556}") = "AdventOfCode2020.Traveling.Tests", "AdventOfCode2020.Traveling.Tests\AdventOfCode2020.Traveling.Tests.csproj", "{27A9D6F9-061B-4AD9-9C55-CEE3ADCA7575}"
EndProject
Project("{9A19103F-16F7-4668-BE54-9A1E7A4F7556}") = "AdventOfCode2020.Day5", "AdventOfCode2020.Day5\AdventOfCode2020.Day5.csproj", "{1B8C951A-EB96-48CF-9D4F-30C670DE7565}"
EndProject
Project("{9A19103F-16F7-4668-BE54-9A1E7A4F7556}") = "AdventOfCode2020.Day6", "AdventOfCode2020.Day6\AdventOfCode2020.Day6.csproj", "{948E4610-0634-42ED-A0E6-6E1B279ED119}"
EndProject
Project("{9A19103F-16F7-4668-BE54-9A1E7A4F7556}") = "AdventOfCode2020.Day7", "AdventOfCode2020.Day7\AdventOfCode2020.Day7.csproj", "{CA6B53C4-CA72-4021-8BF7-88C0A961D5BB}"
EndProject
Project("{9A19103F-16F7-4668-BE54-9A1E7A4F7556}") = "AdventOfCode2020.Gaming", "AdventOfCode2020.Gaming\AdventOfCode2020.Gaming.csproj", "{1F6801D2-6FC2-4D85-8577-9C979C93E037}"
EndProject
Project("{9A19103F-16F7-4668-BE54-9A1E7A4F7556}") = "AdventOfCode2020.Gaming.Tests", "AdventOfCode2020.Gaming.Tests\AdventOfCode2020.Gaming.Tests.csproj", "{643C35B5-9B42-4DC3-B2E6-7FDDE50D91E8}"
EndProject
Project("{9A19103F-16F7-4668-BE54-9A1E7A4F7556}") = "AdventOfCode2020.Day8", "AdventOfCode2020.Day8\AdventOfCode2020.Day8.csproj", "{0BFBDA89-1A5C-4173-AE3F-905E88979733}"
EndProject
Project("{9A19103F-16F7-4668-BE54-9A1E7A4F7556}") = "AdventOfCode2020.Day9", "AdventOfCode2020.Day9\AdventOfCode2020.Day9.csproj", "{58A4659C-D9C1-4B28-BE24-87EFABE7FF45}"
EndProject
Project("{9A19103F-16F7-4668-BE54-9A1E7A4F7556}") = "AdventOfCode2020.Day10", "AdventOfCode2020.Day10\AdventOfCode2020.Day10.csproj", "{ED37B896-0EE8-439D-A9C2-8DD69E9444C0}"
EndProject
Project("{9A19103F-16F7-4668-BE54-9A1E7A4F7556}") = "AdventOfCode2020.Day11", "AdventOfCode2020.Day11\AdventOfCode2020.Day11.csproj", "{C6301F81-183E-499A-8612-13BA06038D2B}"
EndProject
Project("{FAE04EC0-301F-11D3-BF4B-00C04F79EFBC}") = "AdventOfCode2020.Day12", "AdventOfCode2020.Day12\AdventOfCode2020.Day12.csproj", "{965C337C-2AF8-4019-91CD-BF4B0C69152B}"
EndProject
Global
	GlobalSection(SolutionConfigurationPlatforms) = preSolution
		Debug|Any CPU = Debug|Any CPU
		Release|Any CPU = Release|Any CPU
	EndGlobalSection
	GlobalSection(ProjectConfigurationPlatforms) = postSolution
		{AB04C12A-B6D5-4BE6-9B8E-F5C130A95E65}.Debug|Any CPU.ActiveCfg = Debug|Any CPU
		{AB04C12A-B6D5-4BE6-9B8E-F5C130A95E65}.Debug|Any CPU.Build.0 = Debug|Any CPU
		{AB04C12A-B6D5-4BE6-9B8E-F5C130A95E65}.Release|Any CPU.ActiveCfg = Release|Any CPU
		{AB04C12A-B6D5-4BE6-9B8E-F5C130A95E65}.Release|Any CPU.Build.0 = Release|Any CPU
		{456C5447-0E80-40C7-A7A3-96A3080064A4}.Debug|Any CPU.ActiveCfg = Debug|Any CPU
		{456C5447-0E80-40C7-A7A3-96A3080064A4}.Debug|Any CPU.Build.0 = Debug|Any CPU
		{456C5447-0E80-40C7-A7A3-96A3080064A4}.Release|Any CPU.ActiveCfg = Release|Any CPU
		{456C5447-0E80-40C7-A7A3-96A3080064A4}.Release|Any CPU.Build.0 = Release|Any CPU
		{5EC71E59-0CA7-4211-9E16-20A65E65BE9B}.Debug|Any CPU.ActiveCfg = Debug|Any CPU
		{5EC71E59-0CA7-4211-9E16-20A65E65BE9B}.Debug|Any CPU.Build.0 = Debug|Any CPU
		{5EC71E59-0CA7-4211-9E16-20A65E65BE9B}.Release|Any CPU.ActiveCfg = Release|Any CPU
		{5EC71E59-0CA7-4211-9E16-20A65E65BE9B}.Release|Any CPU.Build.0 = Release|Any CPU
		{A3176B11-05D3-4F04-9886-82066D547A34}.Debug|Any CPU.ActiveCfg = Debug|Any CPU
		{A3176B11-05D3-4F04-9886-82066D547A34}.Debug|Any CPU.Build.0 = Debug|Any CPU
		{A3176B11-05D3-4F04-9886-82066D547A34}.Release|Any CPU.ActiveCfg = Release|Any CPU
		{A3176B11-05D3-4F04-9886-82066D547A34}.Release|Any CPU.Build.0 = Release|Any CPU
		{F8215F92-CE2D-4B6D-9839-F7859EED724C}.Debug|Any CPU.ActiveCfg = Debug|Any CPU
		{F8215F92-CE2D-4B6D-9839-F7859EED724C}.Debug|Any CPU.Build.0 = Debug|Any CPU
		{F8215F92-CE2D-4B6D-9839-F7859EED724C}.Release|Any CPU.ActiveCfg = Release|Any CPU
		{F8215F92-CE2D-4B6D-9839-F7859EED724C}.Release|Any CPU.Build.0 = Release|Any CPU
		{ADD1244A-3DB1-444A-B9AE-ED93862C3EB8}.Debug|Any CPU.ActiveCfg = Debug|Any CPU
		{ADD1244A-3DB1-444A-B9AE-ED93862C3EB8}.Debug|Any CPU.Build.0 = Debug|Any CPU
		{ADD1244A-3DB1-444A-B9AE-ED93862C3EB8}.Release|Any CPU.ActiveCfg = Release|Any CPU
		{ADD1244A-3DB1-444A-B9AE-ED93862C3EB8}.Release|Any CPU.Build.0 = Release|Any CPU
		{20DD8F32-8F96-4362-95B5-BF4E0AEA13C7}.Debug|Any CPU.ActiveCfg = Debug|Any CPU
		{20DD8F32-8F96-4362-95B5-BF4E0AEA13C7}.Debug|Any CPU.Build.0 = Debug|Any CPU
		{20DD8F32-8F96-4362-95B5-BF4E0AEA13C7}.Release|Any CPU.ActiveCfg = Release|Any CPU
		{20DD8F32-8F96-4362-95B5-BF4E0AEA13C7}.Release|Any CPU.Build.0 = Release|Any CPU
		{0803375B-D969-4123-9244-9E3847DFEBE5}.Debug|Any CPU.ActiveCfg = Debug|Any CPU
		{0803375B-D969-4123-9244-9E3847DFEBE5}.Debug|Any CPU.Build.0 = Debug|Any CPU
		{0803375B-D969-4123-9244-9E3847DFEBE5}.Release|Any CPU.ActiveCfg = Release|Any CPU
		{0803375B-D969-4123-9244-9E3847DFEBE5}.Release|Any CPU.Build.0 = Release|Any CPU
		{437F122F-F024-49AE-ABDF-E57AF3BCCDCD}.Debug|Any CPU.ActiveCfg = Debug|Any CPU
		{437F122F-F024-49AE-ABDF-E57AF3BCCDCD}.Debug|Any CPU.Build.0 = Debug|Any CPU
		{437F122F-F024-49AE-ABDF-E57AF3BCCDCD}.Release|Any CPU.ActiveCfg = Release|Any CPU
		{437F122F-F024-49AE-ABDF-E57AF3BCCDCD}.Release|Any CPU.Build.0 = Release|Any CPU
		{27A9D6F9-061B-4AD9-9C55-CEE3ADCA7575}.Debug|Any CPU.ActiveCfg = Debug|Any CPU
		{27A9D6F9-061B-4AD9-9C55-CEE3ADCA7575}.Debug|Any CPU.Build.0 = Debug|Any CPU
		{27A9D6F9-061B-4AD9-9C55-CEE3ADCA7575}.Release|Any CPU.ActiveCfg = Release|Any CPU
		{27A9D6F9-061B-4AD9-9C55-CEE3ADCA7575}.Release|Any CPU.Build.0 = Release|Any CPU
		{1B8C951A-EB96-48CF-9D4F-30C670DE7565}.Debug|Any CPU.ActiveCfg = Debug|Any CPU
		{1B8C951A-EB96-48CF-9D4F-30C670DE7565}.Debug|Any CPU.Build.0 = Debug|Any CPU
		{1B8C951A-EB96-48CF-9D4F-30C670DE7565}.Release|Any CPU.ActiveCfg = Release|Any CPU
		{1B8C951A-EB96-48CF-9D4F-30C670DE7565}.Release|Any CPU.Build.0 = Release|Any CPU
		{948E4610-0634-42ED-A0E6-6E1B279ED119}.Debug|Any CPU.ActiveCfg = Debug|Any CPU
		{948E4610-0634-42ED-A0E6-6E1B279ED119}.Debug|Any CPU.Build.0 = Debug|Any CPU
		{948E4610-0634-42ED-A0E6-6E1B279ED119}.Release|Any CPU.ActiveCfg = Release|Any CPU
		{948E4610-0634-42ED-A0E6-6E1B279ED119}.Release|Any CPU.Build.0 = Release|Any CPU
		{CA6B53C4-CA72-4021-8BF7-88C0A961D5BB}.Debug|Any CPU.ActiveCfg = Debug|Any CPU
		{CA6B53C4-CA72-4021-8BF7-88C0A961D5BB}.Debug|Any CPU.Build.0 = Debug|Any CPU
		{CA6B53C4-CA72-4021-8BF7-88C0A961D5BB}.Release|Any CPU.ActiveCfg = Release|Any CPU
		{CA6B53C4-CA72-4021-8BF7-88C0A961D5BB}.Release|Any CPU.Build.0 = Release|Any CPU
		{1F6801D2-6FC2-4D85-8577-9C979C93E037}.Debug|Any CPU.ActiveCfg = Debug|Any CPU
		{1F6801D2-6FC2-4D85-8577-9C979C93E037}.Debug|Any CPU.Build.0 = Debug|Any CPU
		{1F6801D2-6FC2-4D85-8577-9C979C93E037}.Release|Any CPU.ActiveCfg = Release|Any CPU
		{1F6801D2-6FC2-4D85-8577-9C979C93E037}.Release|Any CPU.Build.0 = Release|Any CPU
		{643C35B5-9B42-4DC3-B2E6-7FDDE50D91E8}.Debug|Any CPU.ActiveCfg = Debug|Any CPU
		{643C35B5-9B42-4DC3-B2E6-7FDDE50D91E8}.Debug|Any CPU.Build.0 = Debug|Any CPU
		{643C35B5-9B42-4DC3-B2E6-7FDDE50D91E8}.Release|Any CPU.ActiveCfg = Release|Any CPU
		{643C35B5-9B42-4DC3-B2E6-7FDDE50D91E8}.Release|Any CPU.Build.0 = Release|Any CPU
		{0BFBDA89-1A5C-4173-AE3F-905E88979733}.Debug|Any CPU.ActiveCfg = Debug|Any CPU
		{0BFBDA89-1A5C-4173-AE3F-905E88979733}.Debug|Any CPU.Build.0 = Debug|Any CPU
		{0BFBDA89-1A5C-4173-AE3F-905E88979733}.Release|Any CPU.ActiveCfg = Release|Any CPU
		{0BFBDA89-1A5C-4173-AE3F-905E88979733}.Release|Any CPU.Build.0 = Release|Any CPU
		{58A4659C-D9C1-4B28-BE24-87EFABE7FF45}.Debug|Any CPU.ActiveCfg = Debug|Any CPU
		{58A4659C-D9C1-4B28-BE24-87EFABE7FF45}.Debug|Any CPU.Build.0 = Debug|Any CPU
		{58A4659C-D9C1-4B28-BE24-87EFABE7FF45}.Release|Any CPU.ActiveCfg = Release|Any CPU
		{58A4659C-D9C1-4B28-BE24-87EFABE7FF45}.Release|Any CPU.Build.0 = Release|Any CPU
		{ED37B896-0EE8-439D-A9C2-8DD69E9444C0}.Debug|Any CPU.ActiveCfg = Debug|Any CPU
		{ED37B896-0EE8-439D-A9C2-8DD69E9444C0}.Debug|Any CPU.Build.0 = Debug|Any CPU
		{ED37B896-0EE8-439D-A9C2-8DD69E9444C0}.Release|Any CPU.ActiveCfg = Release|Any CPU
		{ED37B896-0EE8-439D-A9C2-8DD69E9444C0}.Release|Any CPU.Build.0 = Release|Any CPU
		{C6301F81-183E-499A-8612-13BA06038D2B}.Debug|Any CPU.ActiveCfg = Debug|Any CPU
		{C6301F81-183E-499A-8612-13BA06038D2B}.Debug|Any CPU.Build.0 = Debug|Any CPU
		{C6301F81-183E-499A-8612-13BA06038D2B}.Release|Any CPU.ActiveCfg = Release|Any CPU
		{C6301F81-183E-499A-8612-13BA06038D2B}.Release|Any CPU.Build.0 = Release|Any CPU
		{965C337C-2AF8-4019-91CD-BF4B0C69152B}.Debug|Any CPU.ActiveCfg = Debug|Any CPU
		{965C337C-2AF8-4019-91CD-BF4B0C69152B}.Debug|Any CPU.Build.0 = Debug|Any CPU
		{965C337C-2AF8-4019-91CD-BF4B0C69152B}.Release|Any CPU.ActiveCfg = Release|Any CPU
		{965C337C-2AF8-4019-91CD-BF4B0C69152B}.Release|Any CPU.Build.0 = Release|Any CPU
	EndGlobalSection
	GlobalSection(SolutionProperties) = preSolution
		HideSolutionNode = FALSE
	EndGlobalSection
	GlobalSection(NestedProjects) = preSolution
		{AB04C12A-B6D5-4BE6-9B8E-F5C130A95E65} = {894F0EB3-307E-4758-AFC4-0C4901EFCEF9}
		{456C5447-0E80-40C7-A7A3-96A3080064A4} = {68A58562-11F1-485A-909D-6F678D434105}
		{5EC71E59-0CA7-4211-9E16-20A65E65BE9B} = {E701E2CD-8759-44D6-B86F-5F44EDFE3821}
		{A3176B11-05D3-4F04-9886-82066D547A34} = {894F0EB3-307E-4758-AFC4-0C4901EFCEF9}
		{F8215F92-CE2D-4B6D-9839-F7859EED724C} = {E701E2CD-8759-44D6-B86F-5F44EDFE3821}
		{ADD1244A-3DB1-444A-B9AE-ED93862C3EB8} = {68A58562-11F1-485A-909D-6F678D434105}
		{20DD8F32-8F96-4362-95B5-BF4E0AEA13C7} = {68A58562-11F1-485A-909D-6F678D434105}
		{0803375B-D969-4123-9244-9E3847DFEBE5} = {68A58562-11F1-485A-909D-6F678D434105}
		{437F122F-F024-49AE-ABDF-E57AF3BCCDCD} = {894F0EB3-307E-4758-AFC4-0C4901EFCEF9}
		{27A9D6F9-061B-4AD9-9C55-CEE3ADCA7575} = {E701E2CD-8759-44D6-B86F-5F44EDFE3821}
		{1B8C951A-EB96-48CF-9D4F-30C670DE7565} = {68A58562-11F1-485A-909D-6F678D434105}
		{948E4610-0634-42ED-A0E6-6E1B279ED119} = {68A58562-11F1-485A-909D-6F678D434105}
		{CA6B53C4-CA72-4021-8BF7-88C0A961D5BB} = {68A58562-11F1-485A-909D-6F678D434105}
		{1F6801D2-6FC2-4D85-8577-9C979C93E037} = {894F0EB3-307E-4758-AFC4-0C4901EFCEF9}
		{643C35B5-9B42-4DC3-B2E6-7FDDE50D91E8} = {E701E2CD-8759-44D6-B86F-5F44EDFE3821}
		{0BFBDA89-1A5C-4173-AE3F-905E88979733} = {68A58562-11F1-485A-909D-6F678D434105}
		{58A4659C-D9C1-4B28-BE24-87EFABE7FF45} = {68A58562-11F1-485A-909D-6F678D434105}
		{ED37B896-0EE8-439D-A9C2-8DD69E9444C0} = {68A58562-11F1-485A-909D-6F678D434105}
		{C6301F81-183E-499A-8612-13BA06038D2B} = {68A58562-11F1-485A-909D-6F678D434105}
		{965C337C-2AF8-4019-91CD-BF4B0C69152B} = {68A58562-11F1-485A-909D-6F678D434105}
	EndGlobalSection
	GlobalSection(ExtensibilityGlobals) = postSolution
		SolutionGuid = {521080DD-173B-49E4-8E99-ADFAC9697BED}
	EndGlobalSection
EndGlobal
